
Microsoft Visual Studio Solution File, Format Version 12.00
# Visual Studio Version 17
VisualStudioVersion = 17.5.33502.453
MinimumVisualStudioVersion = 10.0.40219.1
Project("{9A19103F-16F7-4668-BE54-9A1E7A4F7556}") = "WorkoutBuilder", "WorkoutBuilder\WorkoutBuilder.csproj", "{5E1608D1-8B51-46C3-9A33-66E9049F105A}"
EndProject
Project("{9A19103F-16F7-4668-BE54-9A1E7A4F7556}") = "WorkoutBuilder.Data", "WorkoutBuilder.Data\WorkoutBuilder.Data.csproj", "{3FD9786F-99A0-4683-AE7C-0536612B2B2C}"
EndProject
Project("{9A19103F-16F7-4668-BE54-9A1E7A4F7556}") = "WorkoutBuilder.Services", "WorkoutBuilder.Services\WorkoutBuilder.Services.csproj", "{98D28A20-384E-4BF4-BBD9-75CEC309B697}"
EndProject
Project("{FAE04EC0-301F-11D3-BF4B-00C04F79EFBC}") = "WorkoutBuilder.Services.Tests", "WorkoutBuilder.Services.Tests\WorkoutBuilder.Services.Tests.csproj", "{29F01030-7274-4FAE-A7B6-88D590EE7D63}"
EndProject
Global
	GlobalSection(SolutionConfigurationPlatforms) = preSolution
		Debug|Any CPU = Debug|Any CPU
		Release|Any CPU = Release|Any CPU
	EndGlobalSection
	GlobalSection(ProjectConfigurationPlatforms) = postSolution
		{5E1608D1-8B51-46C3-9A33-66E9049F105A}.Debug|Any CPU.ActiveCfg = Debug|Any CPU
		{5E1608D1-8B51-46C3-9A33-66E9049F105A}.Debug|Any CPU.Build.0 = Debug|Any CPU
		{5E1608D1-8B51-46C3-9A33-66E9049F105A}.Release|Any CPU.ActiveCfg = Release|Any CPU
		{5E1608D1-8B51-46C3-9A33-66E9049F105A}.Release|Any CPU.Build.0 = Release|Any CPU
		{3FD9786F-99A0-4683-AE7C-0536612B2B2C}.Debug|Any CPU.ActiveCfg = Debug|Any CPU
		{3FD9786F-99A0-4683-AE7C-0536612B2B2C}.Debug|Any CPU.Build.0 = Debug|Any CPU
		{3FD9786F-99A0-4683-AE7C-0536612B2B2C}.Release|Any CPU.ActiveCfg = Release|Any CPU
		{3FD9786F-99A0-4683-AE7C-0536612B2B2C}.Release|Any CPU.Build.0 = Release|Any CPU
		{98D28A20-384E-4BF4-BBD9-75CEC309B697}.Debug|Any CPU.ActiveCfg = Debug|Any CPU
		{98D28A20-384E-4BF4-BBD9-75CEC309B697}.Debug|Any CPU.Build.0 = Debug|Any CPU
		{98D28A20-384E-4BF4-BBD9-75CEC309B697}.Release|Any CPU.ActiveCfg = Release|Any CPU
		{98D28A20-384E-4BF4-BBD9-75CEC309B697}.Release|Any CPU.Build.0 = Release|Any CPU
		{29F01030-7274-4FAE-A7B6-88D590EE7D63}.Debug|Any CPU.ActiveCfg = Debug|Any CPU
		{29F01030-7274-4FAE-A7B6-88D590EE7D63}.Debug|Any CPU.Build.0 = Debug|Any CPU
		{29F01030-7274-4FAE-A7B6-88D590EE7D63}.Release|Any CPU.ActiveCfg = Release|Any CPU
		{29F01030-7274-4FAE-A7B6-88D590EE7D63}.Release|Any CPU.Build.0 = Release|Any CPU
	EndGlobalSection
	GlobalSection(SolutionProperties) = preSolution
		HideSolutionNode = FALSE
	EndGlobalSection
	GlobalSection(ExtensibilityGlobals) = postSolution
		SolutionGuid = {EBF834EF-B78E-4A70-BDF2-26FD940750C9}
	EndGlobalSection
EndGlobal
